<?xml version="1.0" encoding="utf-8"?>
<Project xmlns="http://schemas.microsoft.com/developer/msbuild/2003">
  <ItemGroup>
    <Filter Include="Form Files">
      <UniqueIdentifier>{99349809-55BA-4b9d-BF79-8FDBB0286EB3}</UniqueIdentifier>
      <Extensions>ui</Extensions>
      <ParseFiles>false</ParseFiles>
    </Filter>
    <Filter Include="Form Files">
      <UniqueIdentifier>{99349809-55BA-4b9d-BF79-8FDBB0286EB3}</UniqueIdentifier>
      <Extensions>ui</Extensions>
      <ParseFiles>false</ParseFiles>
    </Filter>
    <Filter Include="Generated Files">
      <UniqueIdentifier>{71ED8ED8-ACB9-4CE9-BBE1-E00B30144E11}</UniqueIdentifier>
      <Extensions>cpp;c;cxx;moc;h;def;odl;idl;res;</Extensions>
    </Filter>
    <Filter Include="Generated Files">
      <UniqueIdentifier>{71ED8ED8-ACB9-4CE9-BBE1-E00B30144E11}</UniqueIdentifier>
      <Extensions>cpp;c;cxx;moc;h;def;odl;idl;res;</Extensions>
    </Filter>
    <Filter Include="Header Files">
      <UniqueIdentifier>{93995380-89BD-4b04-88EB-625FBE52EBFB}</UniqueIdentifier>
      <Extensions>h;hpp;hxx;hm;inl;inc;xsd</Extensions>
    </Filter>
    <Filter Include="Header Files">
      <UniqueIdentifier>{93995380-89BD-4b04-88EB-625FBE52EBFB}</UniqueIdentifier>
      <Extensions>h;hpp;hxx;hm;inl;inc;xsd</Extensions>
    </Filter>
    <Filter Include="Resource Files">
      <UniqueIdentifier>{D9D6E242-F8AF-46E4-B9FD-80ECBC20BA3E}</UniqueIdentifier>
      <Extensions>qrc;*</Extensions>
      <ParseFiles>false</ParseFiles>
    </Filter>
    <Filter Include="Resource Files">
      <UniqueIdentifier>{D9D6E242-F8AF-46E4-B9FD-80ECBC20BA3E}</UniqueIdentifier>
      <Extensions>qrc;*</Extensions>
      <ParseFiles>false</ParseFiles>
    </Filter>
    <Filter Include="Source Files">
      <UniqueIdentifier>{4FC737F1-C7A5-4376-A066-2A32D752A2FF}</UniqueIdentifier>
      <Extensions>cpp;c;cxx;def;odl;idl;hpj;bat;asm;asmx</Extensions>
    </Filter>
    <Filter Include="Source Files">
      <UniqueIdentifier>{4FC737F1-C7A5-4376-A066-2A32D752A2FF}</UniqueIdentifier>
      <Extensions>cpp;c;cxx;def;odl;idl;hpj;bat;asm;asmx</Extensions>
    </Filter>
  </ItemGroup>
  <ItemGroup>
    <ClCompile Include="third_part\ribbon\DemoRibbonWindow\DemoRibbonWindow.cpp">
      <Filter>Source Files</Filter>
    </ClCompile>
    <ClCompile Include="OsgWidget.cpp">
      <Filter>Source Files</Filter>
    </ClCompile>
    <ClCompile Include="third_part\ribbon\aboutdialog\aboutdialog.cpp">
      <Filter>Source Files</Filter>
    </ClCompile>
    <ClCompile Include="main.cpp">
      <Filter>Source Files</Filter>
    </ClCompile>
    <ClCompile Include="mainwindow.cpp">
      <Filter>Source Files</Filter>
    </ClCompile>
  </ItemGroup>
  <ItemGroup>
    <QtMoc Include="third_part\ribbon\DemoRibbonWindow\DemoRibbonWindow.h">
      <Filter>Header Files</Filter>
    </QtMoc>
    <ClInclude Include="OsgWidget.h">
      <Filter>Header Files</Filter>
    </ClInclude>
    <QtMoc Include="third_part\ribbon\aboutdialog\aboutdialog.h">
      <Filter>Header Files</Filter>
    </QtMoc>
    <QtMoc Include="mainwindow.h">
      <Filter>Header Files</Filter>
    </QtMoc>
  </ItemGroup>
  <ItemGroup>
    <CustomBuild Include="debug\moc_predefs.h.cbt">
      <Filter>Generated Files</Filter>
    </CustomBuild>
    <CustomBuild Include="release\moc_predefs.h.cbt">
      <Filter>Generated Files</Filter>
    </CustomBuild>
  </ItemGroup>
  <ItemGroup>
    <QtUic Include="mainwindow.ui">
      <Filter>Form Files</Filter>
    </QtUic>
  </ItemGroup>
  <ItemGroup>
    <QtRcc Include="third_part\ribbon\DemoRibbonWindow\DemoRibbonWindow.qrc">
      <Filter>Resource Files</Filter>
    </QtRcc>
    <QtRcc Include="third_part\ribbon\aboutdialog\aboutdialog.qrc">
      <Filter>Resource Files</Filter>
    </QtRcc>
    <None Include="third_part\ribbon\DemoRibbonWindow\res\autumnmood.png">
      <Filter>Resource Files</Filter>
    </None>
    <None Include="third_part\ribbon\DemoRibbonWindow\res\calligraphy.png">
      <Filter>Resource Files</Filter>
    </None>
    <None Include="third_part\ribbon\DemoRibbonWindow\res\clipboard16x16.png">
      <Filter>Resource Files</Filter>
    </None>
    <None Include="third_part\ribbon\DemoRibbonWindow\res\clipboard32x32.png">
      <Filter>Resource Files</Filter>
    </None>
    <None Include="third_part\ribbon\DemoRibbonWindow\res\close16x16.png">
      <Filter>Resource Files</Filter>
    </None>
    <None Include="third_part\ribbon\DemoRibbonWindow\res\close32x32.png">
      <Filter>Resource Files</Filter>
    </None>
    <None Include="third_part\ribbon\DemoRibbonWindow\res\clouds.png">
      <Filter>Resource Files</Filter>
    </None>
    <None Include="third_part\ribbon\DemoRibbonWindow\res\cut16x16.png">
      <Filter>Resource Files</Filter>
    </None>
    <None Include="third_part\ribbon\aboutdialog\res\favicon.ico">
      <Filter>Resource Files</Filter>
    </None>
    <None Include="third_part\ribbon\DemoRibbonWindow\res\greenfantasy.png">
      <Filter>Resource Files</Filter>
    </None>
    <None Include="third_part\ribbon\DemoRibbonWindow\res\login_face.png">
      <Filter>Resource Files</Filter>
    </None>
    <None Include="third_part\ribbon\DemoRibbonWindow\res\new16x16.png">
      <Filter>Resource Files</Filter>
    </None>
    <None Include="third_part\ribbon\DemoRibbonWindow\res\new32x32.png">
      <Filter>Resource Files</Filter>
    </None>
    <None Include="third_part\ribbon\DemoRibbonWindow\res\open16x16.png">
      <Filter>Resource Files</Filter>
    </None>
    <None Include="third_part\ribbon\DemoRibbonWindow\res\open32x32.png">
      <Filter>Resource Files</Filter>
    </None>
    <None Include="third_part\ribbon\DemoRibbonWindow\res\print16x16.png">
      <Filter>Resource Files</Filter>
    </None>
    <None Include="third_part\ribbon\DemoRibbonWindow\res\print32x32.png">
      <Filter>Resource Files</Filter>
    </None>
    <None Include="third_part\ribbon\aboutdialog\res\question.png">
      <Filter>Resource Files</Filter>
    </None>
    <None Include="third_part\ribbon\DemoRibbonWindow\res\redo16x16.png">
      <Filter>Resource Files</Filter>
    </None>
    <None Include="third_part\ribbon\DemoRibbonWindow\res\save16x16.png">
      <Filter>Resource Files</Filter>
    </None>
    <None Include="third_part\ribbon\DemoRibbonWindow\res\save32x32.png">
      <Filter>Resource Files</Filter>
    </None>
    <None Include="third_part\ribbon\DemoRibbonWindow\res\saveasfile16x16.png">
      <Filter>Resource Files</Filter>
    </None>
    <None Include="third_part\ribbon\DemoRibbonWindow\res\saveasfile32x32.png">
      <Filter>Resource Files</Filter>
    </None>
    <None Include="third_part\ribbon\DemoRibbonWindow\res\treerings.png">
      <Filter>Resource Files</Filter>
    </None>
    <None Include="third_part\ribbon\DemoRibbonWindow\res\undo16x16.png">
      <Filter>Resource Files</Filter>
    </None>
    <None Include="third_part\ribbon\DemoRibbonWindow\res\your_company_logo.png">
      <Filter>Resource Files</Filter>
    </None>
  </ItemGroup>
</Project>